
Microsoft Visual Studio Solution File, Format Version 12.00
# Visual Studio Version 17
VisualStudioVersion = 17.11.35222.181
MinimumVisualStudioVersion = 10.0.40219.1
Project("{FAE04EC0-301F-11D3-BF4B-00C04F79EFBC}") = "퀵드로우", "퀵드로우.csproj", "{8B27016F-DB07-49E3-A5E9-574D61BD40A1}"
EndProject
Project("{2150E333-8FDC-42A3-9474-1A3956D46DE8}") = "솔루션 항목", "솔루션 항목", "{94BEBA24-6102-402D-AC61-0613C73D8593}"
EndProject
Global
	GlobalSection(SolutionConfigurationPlatforms) = preSolution
		Debug|Any CPU = Debug|Any CPU
		Release|Any CPU = Release|Any CPU
	EndGlobalSection
	GlobalSection(ProjectConfigurationPlatforms) = postSolution
		{8B27016F-DB07-49E3-A5E9-574D61BD40A1}.Debug|Any CPU.ActiveCfg = Debug|Any CPU
		{8B27016F-DB07-49E3-A5E9-574D61BD40A1}.Debug|Any CPU.Build.0 = Debug|Any CPU
		{8B27016F-DB07-49E3-A5E9-574D61BD40A1}.Release|Any CPU.ActiveCfg = Release|Any CPU
		{8B27016F-DB07-49E3-A5E9-574D61BD40A1}.Release|Any CPU.Build.0 = Release|Any CPU
	EndGlobalSection
	GlobalSection(SolutionProperties) = preSolution
		HideSolutionNode = FALSE
	EndGlobalSection
	GlobalSection(ExtensibilityGlobals) = postSolution
		SolutionGuid = {7EF6213A-64FF-4496-A802-A9C88770AF0D}
	EndGlobalSection
EndGlobal
